// !$*UTF8*$!
{
	archiveVersion = 1;
	classes = {
	};
	objectVersion = 46;
	objects = {

/* Begin PBXBuildFile section */
		B1104C541B35CD87001A2401 /* Images.xcassets in Resources */ = {isa = PBXBuildFile; fileRef = B1104C531B35CD87001A2401 /* Images.xcassets */; };
		B1104C631B35CD87001A2401 /* SwiftAlphaChannelRemoverTests.swift in Sources */ = {isa = PBXBuildFile; fileRef = B1104C621B35CD87001A2401 /* SwiftAlphaChannelRemoverTests.swift */; };
		B1104C6D1B35CDDF001A2401 /* AppDelegate.swift in Sources */ = {isa = PBXBuildFile; fileRef = B1104C6C1B35CDDF001A2401 /* AppDelegate.swift */; };
		B1104C6F1B35CDF5001A2401 /* Main.storyboard in Resources */ = {isa = PBXBuildFile; fileRef = B1104C6E1B35CDF5001A2401 /* Main.storyboard */; };
		B1104C711B35CDFB001A2401 /* ImageItem.swift in Sources */ = {isa = PBXBuildFile; fileRef = B1104C701B35CDFB001A2401 /* ImageItem.swift */; };
		B1104C731B35CE00001A2401 /* ViewController.swift in Sources */ = {isa = PBXBuildFile; fileRef = B1104C721B35CE00001A2401 /* ViewController.swift */; };
		B1104C751B35D7D1001A2401 /* ImageCollectionViewItem.swift in Sources */ = {isa = PBXBuildFile; fileRef = B1104C741B35D7D1001A2401 /* ImageCollectionViewItem.swift */; };
/* End PBXBuildFile section */

/* Begin PBXContainerItemProxy section */
		B1104C5D1B35CD87001A2401 /* PBXContainerItemProxy */ = {
			isa = PBXContainerItemProxy;
			containerPortal = B1104C421B35CD87001A2401 /* Project object */;
			proxyType = 1;
			remoteGlobalIDString = B1104C491B35CD87001A2401;
			remoteInfo = SwiftAlphaChannelRemover;
		};
/* End PBXContainerItemProxy section */

/* Begin PBXFileReference section */
		B1104C4A1B35CD87001A2401 /* SwiftAlphaChannelRemover.app */ = {isa = PBXFileReference; explicitFileType = wrapper.application; includeInIndex = 0; path = SwiftAlphaChannelRemover.app; sourceTree = BUILT_PRODUCTS_DIR; };
		B1104C4E1B35CD87001A2401 /* Info.plist */ = {isa = PBXFileReference; lastKnownFileType = text.plist.xml; path = Info.plist; sourceTree = "<group>"; };
		B1104C531B35CD87001A2401 /* Images.xcassets */ = {isa = PBXFileReference; lastKnownFileType = folder.assetcatalog; path = Images.xcassets; sourceTree = "<group>"; };
		B1104C5C1B35CD87001A2401 /* SwiftAlphaChannelRemoverTests.xctest */ = {isa = PBXFileReference; explicitFileType = wrapper.cfbundle; includeInIndex = 0; path = SwiftAlphaChannelRemoverTests.xctest; sourceTree = BUILT_PRODUCTS_DIR; };
		B1104C611B35CD87001A2401 /* Info.plist */ = {isa = PBXFileReference; lastKnownFileType = text.plist.xml; path = Info.plist; sourceTree = "<group>"; };
		B1104C621B35CD87001A2401 /* SwiftAlphaChannelRemoverTests.swift */ = {isa = PBXFileReference; lastKnownFileType = sourcecode.swift; path = SwiftAlphaChannelRemoverTests.swift; sourceTree = "<group>"; };
		B1104C6C1B35CDDF001A2401 /* AppDelegate.swift */ = {isa = PBXFileReference; fileEncoding = 4; lastKnownFileType = sourcecode.swift; path = AppDelegate.swift; sourceTree = "<group>"; };
		B1104C6E1B35CDF5001A2401 /* Main.storyboard */ = {isa = PBXFileReference; fileEncoding = 4; lastKnownFileType = file.storyboard; name = Main.storyboard; path = Base.lproj/Main.storyboard; sourceTree = "<group>"; };
		B1104C701B35CDFB001A2401 /* ImageItem.swift */ = {isa = PBXFileReference; fileEncoding = 4; lastKnownFileType = sourcecode.swift; path = ImageItem.swift; sourceTree = "<group>"; };
		B1104C721B35CE00001A2401 /* ViewController.swift */ = {isa = PBXFileReference; fileEncoding = 4; lastKnownFileType = sourcecode.swift; path = ViewController.swift; sourceTree = "<group>"; };
		B1104C741B35D7D1001A2401 /* ImageCollectionViewItem.swift */ = {isa = PBXFileReference; fileEncoding = 4; lastKnownFileType = sourcecode.swift; path = ImageCollectionViewItem.swift; sourceTree = "<group>"; };
/* End PBXFileReference section */

/* Begin PBXFrameworksBuildPhase section */
		B1104C471B35CD87001A2401 /* Frameworks */ = {
			isa = PBXFrameworksBuildPhase;
			buildActionMask = 2147483647;
			files = (
			);
			runOnlyForDeploymentPostprocessing = 0;
		};
		B1104C591B35CD87001A2401 /* Frameworks */ = {
			isa = PBXFrameworksBuildPhase;
			buildActionMask = 2147483647;
			files = (
			);
			runOnlyForDeploymentPostprocessing = 0;
		};
/* End PBXFrameworksBuildPhase section */

/* Begin PBXGroup section */
		B1104C411B35CD87001A2401 = {
			isa = PBXGroup;
			children = (
				B1104C4C1B35CD87001A2401 /* SwiftAlphaChannelRemover */,
				B1104C5F1B35CD87001A2401 /* SwiftAlphaChannelRemoverTests */,
				B1104C4B1B35CD87001A2401 /* Products */,
			);
			sourceTree = "<group>";
		};
		B1104C4B1B35CD87001A2401 /* Products */ = {
			isa = PBXGroup;
			children = (
				B1104C4A1B35CD87001A2401 /* SwiftAlphaChannelRemover.app */,
				B1104C5C1B35CD87001A2401 /* SwiftAlphaChannelRemoverTests.xctest */,
			);
			name = Products;
			sourceTree = "<group>";
		};
		B1104C4C1B35CD87001A2401 /* SwiftAlphaChannelRemover */ = {
			isa = PBXGroup;
			children = (
				B1104C6C1B35CDDF001A2401 /* AppDelegate.swift */,
				B1104C721B35CE00001A2401 /* ViewController.swift */,
				B1104C701B35CDFB001A2401 /* ImageItem.swift */,
				B1104C741B35D7D1001A2401 /* ImageCollectionViewItem.swift */,
				B1104C6E1B35CDF5001A2401 /* Main.storyboard */,
				B1104C531B35CD87001A2401 /* Images.xcassets */,
				B1104C4D1B35CD87001A2401 /* Supporting Files */,
			);
			path = SwiftAlphaChannelRemover;
			sourceTree = "<group>";
		};
		B1104C4D1B35CD87001A2401 /* Supporting Files */ = {
			isa = PBXGroup;
			children = (
				B1104C4E1B35CD87001A2401 /* Info.plist */,
			);
			name = "Supporting Files";
			sourceTree = "<group>";
		};
		B1104C5F1B35CD87001A2401 /* SwiftAlphaChannelRemoverTests */ = {
			isa = PBXGroup;
			children = (
				B1104C621B35CD87001A2401 /* SwiftAlphaChannelRemoverTests.swift */,
				B1104C601B35CD87001A2401 /* Supporting Files */,
			);
			path = SwiftAlphaChannelRemoverTests;
			sourceTree = "<group>";
		};
		B1104C601B35CD87001A2401 /* Supporting Files */ = {
			isa = PBXGroup;
			children = (
				B1104C611B35CD87001A2401 /* Info.plist */,
			);
			name = "Supporting Files";
			sourceTree = "<group>";
		};
/* End PBXGroup section */

/* Begin PBXNativeTarget section */
		B1104C491B35CD87001A2401 /* SwiftAlphaChannelRemover */ = {
			isa = PBXNativeTarget;
			buildConfigurationList = B1104C661B35CD87001A2401 /* Build configuration list for PBXNativeTarget "SwiftAlphaChannelRemover" */;
			buildPhases = (
				B1104C461B35CD87001A2401 /* Sources */,
				B1104C471B35CD87001A2401 /* Frameworks */,
				B1104C481B35CD87001A2401 /* Resources */,
			);
			buildRules = (
			);
			dependencies = (
			);
			name = SwiftAlphaChannelRemover;
			productName = SwiftAlphaChannelRemover;
			productReference = B1104C4A1B35CD87001A2401 /* SwiftAlphaChannelRemover.app */;
			productType = "com.apple.product-type.application";
		};
		B1104C5B1B35CD87001A2401 /* SwiftAlphaChannelRemoverTests */ = {
			isa = PBXNativeTarget;
			buildConfigurationList = B1104C691B35CD87001A2401 /* Build configuration list for PBXNativeTarget "SwiftAlphaChannelRemoverTests" */;
			buildPhases = (
				B1104C581B35CD87001A2401 /* Sources */,
				B1104C591B35CD87001A2401 /* Frameworks */,
				B1104C5A1B35CD87001A2401 /* Resources */,
			);
			buildRules = (
			);
			dependencies = (
				B1104C5E1B35CD87001A2401 /* PBXTargetDependency */,
			);
			name = SwiftAlphaChannelRemoverTests;
			productName = SwiftAlphaChannelRemoverTests;
			productReference = B1104C5C1B35CD87001A2401 /* SwiftAlphaChannelRemoverTests.xctest */;
			productType = "com.apple.product-type.bundle.unit-test";
		};
/* End PBXNativeTarget section */

/* Begin PBXProject section */
		B1104C421B35CD87001A2401 /* Project object */ = {
			isa = PBXProject;
			attributes = {
				LastUpgradeCheck = 0630;
				TargetAttributes = {
					B1104C491B35CD87001A2401 = {
						CreatedOnToolsVersion = 6.3.2;
					};
					B1104C5B1B35CD87001A2401 = {
						CreatedOnToolsVersion = 6.3.2;
						TestTargetID = B1104C491B35CD87001A2401;
					};
				};
			};
			buildConfigurationList = B1104C451B35CD87001A2401 /* Build configuration list for PBXProject "SwiftAlphaChannelRemover" */;
			compatibilityVersion = "Xcode 3.2";
			developmentRegion = English;
			hasScannedForEncodings = 0;
			knownRegions = (
				en,
				Base,
			);
			mainGroup = B1104C411B35CD87001A2401;
			productRefGroup = B1104C4B1B35CD87001A2401 /* Products */;
			projectDirPath = "";
			projectRoot = "";
			targets = (
				B1104C491B35CD87001A2401 /* SwiftAlphaChannelRemover */,
				B1104C5B1B35CD87001A2401 /* SwiftAlphaChannelRemoverTests */,
			);
		};
/* End PBXProject section */

/* Begin PBXResourcesBuildPhase section */
		B1104C481B35CD87001A2401 /* Resources */ = {
			isa = PBXResourcesBuildPhase;
			buildActionMask = 2147483647;
			files = (
				B1104C541B35CD87001A2401 /* Images.xcassets in Resources */,
				B1104C6F1B35CDF5001A2401 /* Main.storyboard in Resources */,
			);
			runOnlyForDeploymentPostprocessing = 0;
		};
		B1104C5A1B35CD87001A2401 /* Resources */ = {
			isa = PBXResourcesBuildPhase;
			buildActionMask = 2147483647;
			files = (
			);
			runOnlyForDeploymentPostprocessing = 0;
		};
/* End PBXResourcesBuildPhase section */

/* Begin PBXSourcesBuildPhase section */
		B1104C461B35CD87001A2401 /* Sources */ = {
			isa = PBXSourcesBuildPhase;
			buildActionMask = 2147483647;
			files = (
				B1104C731B35CE00001A2401 /* ViewController.swift in Sources */,
				B1104C751B35D7D1001A2401 /* ImageCollectionViewItem.swift in Sources */,
				B1104C711B35CDFB001A2401 /* ImageItem.swift in Sources */,
				B1104C6D1B35CDDF001A2401 /* AppDelegate.swift in Sources */,
			);
			runOnlyForDeploymentPostprocessing = 0;
		};
		B1104C581B35CD87001A2401 /* Sources */ = {
			isa = PBXSourcesBuildPhase;
			buildActionMask = 2147483647;
			files = (
				B1104C631B35CD87001A2401 /* SwiftAlphaChannelRemoverTests.swift in Sources */,
			);
			runOnlyForDeploymentPostprocessing = 0;
		};
/* End PBXSourcesBuildPhase section */

/* Begin PBXTargetDependency section */
		B1104C5E1B35CD87001A2401 /* PBXTargetDependency */ = {
			isa = PBXTargetDependency;
			target = B1104C491B35CD87001A2401 /* SwiftAlphaChannelRemover */;
			targetProxy = B1104C5D1B35CD87001A2401 /* PBXContainerItemProxy */;
		};
/* End PBXTargetDependency section */

/* Begin XCBuildConfiguration section */
		B1104C641B35CD87001A2401 /* Debug */ = {
			isa = XCBuildConfiguration;
			buildSettings = {
				ALWAYS_SEARCH_USER_PATHS = NO;
				CLANG_CXX_LANGUAGE_STANDARD = "gnu++0x";
				CLANG_CXX_LIBRARY = "libc++";
				CLANG_ENABLE_MODULES = YES;
				CLANG_ENABLE_OBJC_ARC = YES;
				CLANG_WARN_BOOL_CONVERSION = YES;
				CLANG_WARN_CONSTANT_CONVERSION = YES;
				CLANG_WARN_DIRECT_OBJC_ISA_USAGE = YES_ERROR;
				CLANG_WARN_EMPTY_BODY = YES;
				CLANG_WARN_ENUM_CONVERSION = YES;
				CLANG_WARN_INT_CONVERSION = YES;
				CLANG_WARN_OBJC_ROOT_CLASS = YES_ERROR;
				CLANG_WARN_UNREACHABLE_CODE = YES;
				CLANG_WARN__DUPLICATE_METHOD_MATCH = YES;
				CODE_SIGN_IDENTITY = "-";
				COPY_PHASE_STRIP = NO;
				DEBUG_INFORMATION_FORMAT = dwarf;
				ENABLE_STRICT_OBJC_MSGSEND = YES;
				GCC_C_LANGUAGE_STANDARD = gnu99;
				GCC_DYNAMIC_NO_PIC = NO;
				GCC_NO_COMMON_BLOCKS = YES;
				GCC_OPTIMIZATION_LEVEL = 0;
				GCC_PREPROCESSOR_DEFINITIONS = (
					"DEBUG=1",
					"$(inherited)",
				);
				GCC_SYMBOLS_PRIVATE_EXTERN = NO;
				GCC_WARN_64_TO_32_BIT_CONVERSION = YES;
				GCC_WARN_ABOUT_RETURN_TYPE = YES_ERROR;
				GCC_WARN_UNDECLARED_SELECTOR = YES;
				GCC_WARN_UNINITIALIZED_AUTOS = YES_AGGRESSIVE;
				GCC_WARN_UNUSED_FUNCTION = YES;
				GCC_WARN_UNUSED_VARIABLE = YES;
				MACOSX_DEPLOYMENT_TARGET = 10.10;
				MTL_ENABLE_DEBUG_INFO = YES;
				ONLY_ACTIVE_ARCH = YES;
				SDKROOT = macosx;
				SWIFT_OPTIMIZATION_LEVEL = "-Onone";
			};
			name = Debug;
		};
		B1104C651B35CD87001A2401 /* Release */ = {
			isa = XCBuildConfiguration;
			buildSettings = {
				ALWAYS_SEARCH_USER_PATHS = NO;
				CLANG_CXX_LANGUAGE_STANDARD = "gnu++0x";
				CLANG_CXX_LIBRARY = "libc++";
				CLANG_ENABLE_MODULES = YES;
				CLANG_ENABLE_OBJC_ARC = YES;
				CLANG_WARN_BOOL_CONVERSION = YES;
				CLANG_WARN_CONSTANT_CONVERSION = YES;
				CLANG_WARN_DIRECT_OBJC_ISA_USAGE = YES_ERROR;
				CLANG_WARN_EMPTY_BODY = YES;
				CLANG_WARN_ENUM_CONVERSION = YES;
				CLANG_WARN_INT_CONVERSION = YES;
				CLANG_WARN_OBJC_ROOT_CLASS = YES_ERROR;
				CLANG_WARN_UNREACHABLE_CODE = YES;
				CLANG_WARN__DUPLICATE_METHOD_MATCH = YES;
				CODE_SIGN_IDENTITY = "-";
				COPY_PHASE_STRIP = NO;
				DEBUG_INFORMATION_FORMAT = "dwarf-with-dsym";
				ENABLE_NS_ASSERTIONS = NO;
				ENABLE_STRICT_OBJC_MSGSEND = YES;
				GCC_C_LANGUAGE_STANDARD = gnu99;
				GCC_NO_COMMON_BLOCKS = YES;
				GCC_WARN_64_TO_32_BIT_CONVERSION = YES;
				GCC_WARN_ABOUT_RETURN_TYPE = YES_ERROR;
				GCC_WARN_UNDECLARED_SELECTOR = YES;
				GCC_WARN_UNINITIALIZED_AUTOS = YES_AGGRESSIVE;
				GCC_WARN_UNUSED_FUNCTION = YES;
				GCC_WARN_UNUSED_VARIABLE = YES;
				MACOSX_DEPLOYMENT_TARGET = 10.10;
				MTL_ENABLE_DEBUG_INFO = NO;
				SDKROOT = macosx;
			};
			name = Release;
		};
		B1104C671B35CD87001A2401 /* Debug */ = {
			isa = XCBuildConfiguration;
			buildSettings = {
				ASSETCATALOG_COMPILER_APPICON_NAME = AppIcon;
				CLANG_ENABLE_MODULES = YES;
				COMBINE_HIDPI_IMAGES = YES;
				INFOPLIST_FILE = SwiftAlphaChannelRemover/Info.plist;
				LD_RUNPATH_SEARCH_PATHS = "$(inherited) @executable_path/../Frameworks";
				PRODUCT_NAME = "$(TARGET_NAME)";
				SWIFT_OPTIMIZATION_LEVEL = "-Onone";
			};
			name = Debug;
		};
		B1104C681B35CD87001A2401 /* Release */ = {
			isa = XCBuildConfiguration;
			buildSettings = {
				ASSETCATALOG_COMPILER_APPICON_NAME = AppIcon;
				CLANG_ENABLE_MODULES = YES;
				COMBINE_HIDPI_IMAGES = YES;
				INFOPLIST_FILE = SwiftAlphaChannelRemover/Info.plist;
				LD_RUNPATH_SEARCH_PATHS = "$(inherited) @executable_path/../Frameworks";
				PRODUCT_NAME = "$(TARGET_NAME)";
			};
			name = Release;
		};
		B1104C6A1B35CD87001A2401 /* Debug */ = {
			isa = XCBuildConfiguration;
			buildSettings = {
				BUNDLE_LOADER = "$(TEST_HOST)";
				COMBINE_HIDPI_IMAGES = YES;
				FRAMEWORK_SEARCH_PATHS = (
					"$(DEVELOPER_FRAMEWORKS_DIR)",
					"$(inherited)",
				);
				GCC_PREPROCESSOR_DEFINITIONS = (
					"DEBUG=1",
					"$(inherited)",
				);
				INFOPLIST_FILE = SwiftAlphaChannelRemoverTests/Info.plist;
				LD_RUNPATH_SEARCH_PATHS = "$(inherited) @executable_path/../Frameworks @loader_path/../Frameworks";
				PRODUCT_NAME = "$(TARGET_NAME)";
				TEST_HOST = "$(BUILT_PRODUCTS_DIR)/SwiftAlphaChannelRemover.app/Contents/MacOS/SwiftAlphaChannelRemover";
			};
			name = Debug;
		};
		B1104C6B1B35CD87001A2401 /* Release */ = {
			isa = XCBuildConfiguration;
			buildSettings = {
				BUNDLE_LOADER = "$(TEST_HOST)";
				COMBINE_HIDPI_IMAGES = YES;
				FRAMEWORK_SEARCH_PATHS = (
					"$(DEVELOPER_FRAMEWORKS_DIR)",
					"$(inherited)",
				);
				INFOPLIST_FILE = SwiftAlphaChannelRemoverTests/Info.plist;
				LD_RUNPATH_SEARCH_PATHS = "$(inherited) @executable_path/../Frameworks @loader_path/../Frameworks";
				PRODUCT_NAME = "$(TARGET_NAME)";
				TEST_HOST = "$(BUILT_PRODUCTS_DIR)/SwiftAlphaChannelRemover.app/Contents/MacOS/SwiftAlphaChannelRemover";
			};
			name = Release;
		};
/* End XCBuildConfiguration section */

/* Begin XCConfigurationList section */
		B1104C451B35CD87001A2401 /* Build configuration list for PBXProject "SwiftAlphaChannelRemover" */ = {
			isa = XCConfigurationList;
			buildConfigurations = (
				B1104C641B35CD87001A2401 /* Debug */,
				B1104C651B35CD87001A2401 /* Release */,
			);
			defaultConfigurationIsVisible = 0;
			defaultConfigurationName = Release;
		};
		B1104C661B35CD87001A2401 /* Build configuration list for PBXNativeTarget "SwiftAlphaChannelRemover" */ = {
			isa = XCConfigurationList;
			buildConfigurations = (
				B1104C671B35CD87001A2401 /* Debug */,
				B1104C681B35CD87001A2401 /* Release */,
			);
			defaultConfigurationIsVisible = 0;
			defaultConfigurationName = Release;
		};
		B1104C691B35CD87001A2401 /* Build configuration list for PBXNativeTarget "SwiftAlphaChannelRemoverTests" */ = {
			isa = XCConfigurationList;
			buildConfigurations = (
				B1104C6A1B35CD87001A2401 /* Debug */,
				B1104C6B1B35CD87001A2401 /* Release */,
			);
			defaultConfigurationIsVisible = 0;
			defaultConfigurationName = Release;
		};
/* End XCConfigurationList section */
	};
	rootObject = B1104C421B35CD87001A2401 /* Project object */;
}
